{
  "originHash" : "bed172a1c63b0a387bc0bb5b1903f6e72d87efe7b4180a9201adf48d2cdef525",
  "pins" : [
    {
      "identity" : "phonenumberkit",
      "kind" : "remoteSourceControl",
      "location" : "https://github.com/timelery/PhoneNumberKit",
      "state" : {
        "branch" : "master",
        "revision" : "899641da45d9a3cd7473a6dcf37fb65e089650ce"
      }
    }
  ],
  "version" : 3
}
